// !$*UTF8*$!
{
	archiveVersion = 1;
	classes = {
	};
	objectVersion = 46;
	objects = {

/* Begin PBXBuildFile section */
		4DAFA0BB18D6A60A0016C374 /* PFDSStack.h in Headers */ = {isa = PBXBuildFile; fileRef = 4DAFA0BA18D6A60A0016C374 /* PFDSStack.h */; };
		4DAFA0BE18D6AAC30016C374 /* PFDSList.h in Headers */ = {isa = PBXBuildFile; fileRef = 4DAFA0BC18D6AAC30016C374 /* PFDSList.h */; };
		4DAFA0BF18D6AAC30016C374 /* PFDSList.m in Sources */ = {isa = PBXBuildFile; fileRef = 4DAFA0BD18D6AAC30016C374 /* PFDSList.m */; };
		4DAFA0C018D6AAC30016C374 /* PFDSList.m in Sources */ = {isa = PBXBuildFile; fileRef = 4DAFA0BD18D6AAC30016C374 /* PFDSList.m */; };
		4DAFA0C218D6AD9B0016C374 /* PFDSMacros.h in Headers */ = {isa = PBXBuildFile; fileRef = 4DAFA0C118D6AD9B0016C374 /* PFDSMacros.h */; };
		4DAFA0C418D6AF500016C374 /* PFDSListTest.m in Sources */ = {isa = PBXBuildFile; fileRef = 4DAFA0C318D6AF500016C374 /* PFDSListTest.m */; };
		4DAFA0C718D6B9050016C374 /* PFDSExceptions.h in Headers */ = {isa = PBXBuildFile; fileRef = 4DAFA0C518D6B9050016C374 /* PFDSExceptions.h */; };
		4DAFA0C818D6B9050016C374 /* PFDSExceptions.m in Sources */ = {isa = PBXBuildFile; fileRef = 4DAFA0C618D6B9050016C374 /* PFDSExceptions.m */; };
		4DAFA0C918D6B9050016C374 /* PFDSExceptions.m in Sources */ = {isa = PBXBuildFile; fileRef = 4DAFA0C618D6B9050016C374 /* PFDSExceptions.m */; };
		4DEA0B0518D67E3100DFD6CE /* Cocoa.framework in Frameworks */ = {isa = PBXBuildFile; fileRef = 4DEA0B0418D67E3100DFD6CE /* Cocoa.framework */; };
		4DEA0B0F18D67E3100DFD6CE /* InfoPlist.strings in Resources */ = {isa = PBXBuildFile; fileRef = 4DEA0B0D18D67E3100DFD6CE /* InfoPlist.strings */; };
		4DEA0B1318D67E3100DFD6CE /* PurelyFunctionDS.m in Sources */ = {isa = PBXBuildFile; fileRef = 4DEA0B1218D67E3100DFD6CE /* PurelyFunctionDS.m */; };
		4DEA0B1A18D67E3100DFD6CE /* XCTest.framework in Frameworks */ = {isa = PBXBuildFile; fileRef = 4DEA0B1918D67E3100DFD6CE /* XCTest.framework */; };
		4DEA0B1B18D67E3100DFD6CE /* Cocoa.framework in Frameworks */ = {isa = PBXBuildFile; fileRef = 4DEA0B0418D67E3100DFD6CE /* Cocoa.framework */; };
		4DEA0B1E18D67E3100DFD6CE /* PurelyFunctionDS.framework in Frameworks */ = {isa = PBXBuildFile; fileRef = 4DEA0B0118D67E3100DFD6CE /* PurelyFunctionDS.framework */; };
		4DEA0B2418D67E3100DFD6CE /* InfoPlist.strings in Resources */ = {isa = PBXBuildFile; fileRef = 4DEA0B2218D67E3100DFD6CE /* InfoPlist.strings */; };
		4DEA0B2618D67E3100DFD6CE /* PurelyFunctionDSTests.m in Sources */ = {isa = PBXBuildFile; fileRef = 4DEA0B2518D67E3100DFD6CE /* PurelyFunctionDSTests.m */; };
/* End PBXBuildFile section */

/* Begin PBXContainerItemProxy section */
		4DEA0B1C18D67E3100DFD6CE /* PBXContainerItemProxy */ = {
			isa = PBXContainerItemProxy;
			containerPortal = 4DEA0AF818D67E3100DFD6CE /* Project object */;
			proxyType = 1;
			remoteGlobalIDString = 4DEA0B0018D67E3100DFD6CE;
			remoteInfo = PurelyFunctionDS;
		};
/* End PBXContainerItemProxy section */

/* Begin PBXFileReference section */
		4DAFA0BA18D6A60A0016C374 /* PFDSStack.h */ = {isa = PBXFileReference; fileEncoding = 4; lastKnownFileType = sourcecode.c.h; path = PFDSStack.h; sourceTree = "<group>"; };
		4DAFA0BC18D6AAC30016C374 /* PFDSList.h */ = {isa = PBXFileReference; fileEncoding = 4; lastKnownFileType = sourcecode.c.h; path = PFDSList.h; sourceTree = "<group>"; };
		4DAFA0BD18D6AAC30016C374 /* PFDSList.m */ = {isa = PBXFileReference; fileEncoding = 4; lastKnownFileType = sourcecode.c.objc; path = PFDSList.m; sourceTree = "<group>"; };
		4DAFA0C118D6AD9B0016C374 /* PFDSMacros.h */ = {isa = PBXFileReference; fileEncoding = 4; lastKnownFileType = sourcecode.c.h; path = PFDSMacros.h; sourceTree = "<group>"; };
		4DAFA0C318D6AF500016C374 /* PFDSListTest.m */ = {isa = PBXFileReference; fileEncoding = 4; lastKnownFileType = sourcecode.c.objc; path = PFDSListTest.m; sourceTree = "<group>"; };
		4DAFA0C518D6B9050016C374 /* PFDSExceptions.h */ = {isa = PBXFileReference; fileEncoding = 4; lastKnownFileType = sourcecode.c.h; path = PFDSExceptions.h; sourceTree = "<group>"; };
		4DAFA0C618D6B9050016C374 /* PFDSExceptions.m */ = {isa = PBXFileReference; fileEncoding = 4; lastKnownFileType = sourcecode.c.objc; path = PFDSExceptions.m; sourceTree = "<group>"; };
		4DEA0B0118D67E3100DFD6CE /* PurelyFunctionDS.framework */ = {isa = PBXFileReference; explicitFileType = wrapper.framework; includeInIndex = 0; path = PurelyFunctionDS.framework; sourceTree = BUILT_PRODUCTS_DIR; };
		4DEA0B0418D67E3100DFD6CE /* Cocoa.framework */ = {isa = PBXFileReference; lastKnownFileType = wrapper.framework; name = Cocoa.framework; path = System/Library/Frameworks/Cocoa.framework; sourceTree = SDKROOT; };
		4DEA0B0718D67E3100DFD6CE /* Foundation.framework */ = {isa = PBXFileReference; lastKnownFileType = wrapper.framework; name = Foundation.framework; path = System/Library/Frameworks/Foundation.framework; sourceTree = SDKROOT; };
		4DEA0B0818D67E3100DFD6CE /* CoreData.framework */ = {isa = PBXFileReference; lastKnownFileType = wrapper.framework; name = CoreData.framework; path = System/Library/Frameworks/CoreData.framework; sourceTree = SDKROOT; };
		4DEA0B0918D67E3100DFD6CE /* AppKit.framework */ = {isa = PBXFileReference; lastKnownFileType = wrapper.framework; name = AppKit.framework; path = System/Library/Frameworks/AppKit.framework; sourceTree = SDKROOT; };
		4DEA0B0C18D67E3100DFD6CE /* PurelyFunctionDS-Info.plist */ = {isa = PBXFileReference; lastKnownFileType = text.plist.xml; path = "PurelyFunctionDS-Info.plist"; sourceTree = "<group>"; };
		4DEA0B0E18D67E3100DFD6CE /* en */ = {isa = PBXFileReference; lastKnownFileType = text.plist.strings; name = en; path = en.lproj/InfoPlist.strings; sourceTree = "<group>"; };
		4DEA0B1018D67E3100DFD6CE /* PurelyFunctionDS-Prefix.pch */ = {isa = PBXFileReference; lastKnownFileType = sourcecode.c.h; path = "PurelyFunctionDS-Prefix.pch"; sourceTree = "<group>"; };
		4DEA0B1118D67E3100DFD6CE /* PurelyFunctionDS.h */ = {isa = PBXFileReference; lastKnownFileType = sourcecode.c.h; path = PurelyFunctionDS.h; sourceTree = "<group>"; };
		4DEA0B1218D67E3100DFD6CE /* PurelyFunctionDS.m */ = {isa = PBXFileReference; lastKnownFileType = sourcecode.c.objc; path = PurelyFunctionDS.m; sourceTree = "<group>"; };
		4DEA0B1818D67E3100DFD6CE /* PurelyFunctionDSTests.xctest */ = {isa = PBXFileReference; explicitFileType = wrapper.cfbundle; includeInIndex = 0; path = PurelyFunctionDSTests.xctest; sourceTree = BUILT_PRODUCTS_DIR; };
		4DEA0B1918D67E3100DFD6CE /* XCTest.framework */ = {isa = PBXFileReference; lastKnownFileType = wrapper.framework; name = XCTest.framework; path = Library/Frameworks/XCTest.framework; sourceTree = DEVELOPER_DIR; };
		4DEA0B2118D67E3100DFD6CE /* PurelyFunctionDSTests-Info.plist */ = {isa = PBXFileReference; lastKnownFileType = text.plist.xml; path = "PurelyFunctionDSTests-Info.plist"; sourceTree = "<group>"; };
		4DEA0B2318D67E3100DFD6CE /* en */ = {isa = PBXFileReference; lastKnownFileType = text.plist.strings; name = en; path = en.lproj/InfoPlist.strings; sourceTree = "<group>"; };
		4DEA0B2518D67E3100DFD6CE /* PurelyFunctionDSTests.m */ = {isa = PBXFileReference; lastKnownFileType = sourcecode.c.objc; path = PurelyFunctionDSTests.m; sourceTree = "<group>"; };
/* End PBXFileReference section */

/* Begin PBXFrameworksBuildPhase section */
		4DEA0AFD18D67E3100DFD6CE /* Frameworks */ = {
			isa = PBXFrameworksBuildPhase;
			buildActionMask = 2147483647;
			files = (
				4DEA0B0518D67E3100DFD6CE /* Cocoa.framework in Frameworks */,
			);
			runOnlyForDeploymentPostprocessing = 0;
		};
		4DEA0B1518D67E3100DFD6CE /* Frameworks */ = {
			isa = PBXFrameworksBuildPhase;
			buildActionMask = 2147483647;
			files = (
				4DEA0B1B18D67E3100DFD6CE /* Cocoa.framework in Frameworks */,
				4DEA0B1A18D67E3100DFD6CE /* XCTest.framework in Frameworks */,
				4DEA0B1E18D67E3100DFD6CE /* PurelyFunctionDS.framework in Frameworks */,
			);
			runOnlyForDeploymentPostprocessing = 0;
		};
/* End PBXFrameworksBuildPhase section */

/* Begin PBXGroup section */
		4DEA0AF718D67E3100DFD6CE = {
			isa = PBXGroup;
			children = (
				4DEA0B0A18D67E3100DFD6CE /* PurelyFunctionDS */,
				4DEA0B1F18D67E3100DFD6CE /* PurelyFunctionDSTests */,
				4DEA0B0318D67E3100DFD6CE /* Frameworks */,
				4DEA0B0218D67E3100DFD6CE /* Products */,
			);
			sourceTree = "<group>";
		};
		4DEA0B0218D67E3100DFD6CE /* Products */ = {
			isa = PBXGroup;
			children = (
				4DEA0B0118D67E3100DFD6CE /* PurelyFunctionDS.framework */,
				4DEA0B1818D67E3100DFD6CE /* PurelyFunctionDSTests.xctest */,
			);
			name = Products;
			sourceTree = "<group>";
		};
		4DEA0B0318D67E3100DFD6CE /* Frameworks */ = {
			isa = PBXGroup;
			children = (
				4DEA0B0418D67E3100DFD6CE /* Cocoa.framework */,
				4DEA0B1918D67E3100DFD6CE /* XCTest.framework */,
				4DEA0B0618D67E3100DFD6CE /* Other Frameworks */,
			);
			name = Frameworks;
			sourceTree = "<group>";
		};
		4DEA0B0618D67E3100DFD6CE /* Other Frameworks */ = {
			isa = PBXGroup;
			children = (
				4DEA0B0718D67E3100DFD6CE /* Foundation.framework */,
				4DEA0B0818D67E3100DFD6CE /* CoreData.framework */,
				4DEA0B0918D67E3100DFD6CE /* AppKit.framework */,
			);
			name = "Other Frameworks";
			sourceTree = "<group>";
		};
		4DEA0B0A18D67E3100DFD6CE /* PurelyFunctionDS */ = {
			isa = PBXGroup;
			children = (
				4DEA0B1118D67E3100DFD6CE /* PurelyFunctionDS.h */,
				4DEA0B1218D67E3100DFD6CE /* PurelyFunctionDS.m */,
				4DEA0B0B18D67E3100DFD6CE /* Supporting Files */,
				4DAFA0BA18D6A60A0016C374 /* PFDSStack.h */,
				4DAFA0BC18D6AAC30016C374 /* PFDSList.h */,
				4DAFA0BD18D6AAC30016C374 /* PFDSList.m */,
				4DAFA0C118D6AD9B0016C374 /* PFDSMacros.h */,
				4DAFA0C518D6B9050016C374 /* PFDSExceptions.h */,
				4DAFA0C618D6B9050016C374 /* PFDSExceptions.m */,
			);
			path = PurelyFunctionDS;
			sourceTree = "<group>";
		};
		4DEA0B0B18D67E3100DFD6CE /* Supporting Files */ = {
			isa = PBXGroup;
			children = (
				4DEA0B0C18D67E3100DFD6CE /* PurelyFunctionDS-Info.plist */,
				4DEA0B0D18D67E3100DFD6CE /* InfoPlist.strings */,
				4DEA0B1018D67E3100DFD6CE /* PurelyFunctionDS-Prefix.pch */,
			);
			name = "Supporting Files";
			sourceTree = "<group>";
		};
		4DEA0B1F18D67E3100DFD6CE /* PurelyFunctionDSTests */ = {
			isa = PBXGroup;
			children = (
				4DEA0B2518D67E3100DFD6CE /* PurelyFunctionDSTests.m */,
				4DEA0B2018D67E3100DFD6CE /* Supporting Files */,
				4DAFA0C318D6AF500016C374 /* PFDSListTest.m */,
			);
			path = PurelyFunctionDSTests;
			sourceTree = "<group>";
		};
		4DEA0B2018D67E3100DFD6CE /* Supporting Files */ = {
			isa = PBXGroup;
			children = (
				4DEA0B2118D67E3100DFD6CE /* PurelyFunctionDSTests-Info.plist */,
				4DEA0B2218D67E3100DFD6CE /* InfoPlist.strings */,
			);
			name = "Supporting Files";
			sourceTree = "<group>";
		};
/* End PBXGroup section */

/* Begin PBXHeadersBuildPhase section */
		4DEA0AFE18D67E3100DFD6CE /* Headers */ = {
			isa = PBXHeadersBuildPhase;
			buildActionMask = 2147483647;
			files = (
				4DAFA0BB18D6A60A0016C374 /* PFDSStack.h in Headers */,
				4DAFA0C718D6B9050016C374 /* PFDSExceptions.h in Headers */,
				4DAFA0BE18D6AAC30016C374 /* PFDSList.h in Headers */,
				4DAFA0C218D6AD9B0016C374 /* PFDSMacros.h in Headers */,
			);
			runOnlyForDeploymentPostprocessing = 0;
		};
/* End PBXHeadersBuildPhase section */

/* Begin PBXNativeTarget section */
		4DEA0B0018D67E3100DFD6CE /* PurelyFunctionDS */ = {
			isa = PBXNativeTarget;
			buildConfigurationList = 4DEA0B2918D67E3100DFD6CE /* Build configuration list for PBXNativeTarget "PurelyFunctionDS" */;
			buildPhases = (
				4DEA0AFC18D67E3100DFD6CE /* Sources */,
				4DEA0AFD18D67E3100DFD6CE /* Frameworks */,
				4DEA0AFE18D67E3100DFD6CE /* Headers */,
				4DEA0AFF18D67E3100DFD6CE /* Resources */,
			);
			buildRules = (
			);
			dependencies = (
			);
			name = PurelyFunctionDS;
			productName = PurelyFunctionDS;
			productReference = 4DEA0B0118D67E3100DFD6CE /* PurelyFunctionDS.framework */;
			productType = "com.apple.product-type.framework";
		};
		4DEA0B1718D67E3100DFD6CE /* PurelyFunctionDSTests */ = {
			isa = PBXNativeTarget;
			buildConfigurationList = 4DEA0B2C18D67E3100DFD6CE /* Build configuration list for PBXNativeTarget "PurelyFunctionDSTests" */;
			buildPhases = (
				4DEA0B1418D67E3100DFD6CE /* Sources */,
				4DEA0B1518D67E3100DFD6CE /* Frameworks */,
				4DEA0B1618D67E3100DFD6CE /* Resources */,
			);
			buildRules = (
			);
			dependencies = (
				4DEA0B1D18D67E3100DFD6CE /* PBXTargetDependency */,
			);
			name = PurelyFunctionDSTests;
			productName = PurelyFunctionDSTests;
			productReference = 4DEA0B1818D67E3100DFD6CE /* PurelyFunctionDSTests.xctest */;
			productType = "com.apple.product-type.bundle.unit-test";
		};
/* End PBXNativeTarget section */

/* Begin PBXProject section */
		4DEA0AF818D67E3100DFD6CE /* Project object */ = {
			isa = PBXProject;
			attributes = {
				LastUpgradeCheck = 0510;
				ORGANIZATIONNAME = curtclifton.net;
				TargetAttributes = {
					4DEA0B1718D67E3100DFD6CE = {
						TestTargetID = 4DEA0B0018D67E3100DFD6CE;
					};
				};
			};
			buildConfigurationList = 4DEA0AFB18D67E3100DFD6CE /* Build configuration list for PBXProject "PurelyFunctionDS" */;
			compatibilityVersion = "Xcode 3.2";
			developmentRegion = English;
			hasScannedForEncodings = 0;
			knownRegions = (
				en,
			);
			mainGroup = 4DEA0AF718D67E3100DFD6CE;
			productRefGroup = 4DEA0B0218D67E3100DFD6CE /* Products */;
			projectDirPath = "";
			projectRoot = "";
			targets = (
				4DEA0B0018D67E3100DFD6CE /* PurelyFunctionDS */,
				4DEA0B1718D67E3100DFD6CE /* PurelyFunctionDSTests */,
			);
		};
/* End PBXProject section */

/* Begin PBXResourcesBuildPhase section */
		4DEA0AFF18D67E3100DFD6CE /* Resources */ = {
			isa = PBXResourcesBuildPhase;
			buildActionMask = 2147483647;
			files = (
				4DEA0B0F18D67E3100DFD6CE /* InfoPlist.strings in Resources */,
			);
			runOnlyForDeploymentPostprocessing = 0;
		};
		4DEA0B1618D67E3100DFD6CE /* Resources */ = {
			isa = PBXResourcesBuildPhase;
			buildActionMask = 2147483647;
			files = (
				4DEA0B2418D67E3100DFD6CE /* InfoPlist.strings in Resources */,
			);
			runOnlyForDeploymentPostprocessing = 0;
		};
/* End PBXResourcesBuildPhase section */

/* Begin PBXSourcesBuildPhase section */
		4DEA0AFC18D67E3100DFD6CE /* Sources */ = {
			isa = PBXSourcesBuildPhase;
			buildActionMask = 2147483647;
			files = (
				4DAFA0BF18D6AAC30016C374 /* PFDSList.m in Sources */,
				4DEA0B1318D67E3100DFD6CE /* PurelyFunctionDS.m in Sources */,
				4DAFA0C818D6B9050016C374 /* PFDSExceptions.m in Sources */,
			);
			runOnlyForDeploymentPostprocessing = 0;
		};
		4DEA0B1418D67E3100DFD6CE /* Sources */ = {
			isa = PBXSourcesBuildPhase;
			buildActionMask = 2147483647;
			files = (
				4DAFA0C018D6AAC30016C374 /* PFDSList.m in Sources */,
				4DAFA0C418D6AF500016C374 /* PFDSListTest.m in Sources */,
				4DAFA0C918D6B9050016C374 /* PFDSExceptions.m in Sources */,
				4DEA0B2618D67E3100DFD6CE /* PurelyFunctionDSTests.m in Sources */,
			);
			runOnlyForDeploymentPostprocessing = 0;
		};
/* End PBXSourcesBuildPhase section */

/* Begin PBXTargetDependency section */
		4DEA0B1D18D67E3100DFD6CE /* PBXTargetDependency */ = {
			isa = PBXTargetDependency;
			target = 4DEA0B0018D67E3100DFD6CE /* PurelyFunctionDS */;
			targetProxy = 4DEA0B1C18D67E3100DFD6CE /* PBXContainerItemProxy */;
		};
/* End PBXTargetDependency section */

/* Begin PBXVariantGroup section */
		4DEA0B0D18D67E3100DFD6CE /* InfoPlist.strings */ = {
			isa = PBXVariantGroup;
			children = (
				4DEA0B0E18D67E3100DFD6CE /* en */,
			);
			name = InfoPlist.strings;
			sourceTree = "<group>";
		};
		4DEA0B2218D67E3100DFD6CE /* InfoPlist.strings */ = {
			isa = PBXVariantGroup;
			children = (
				4DEA0B2318D67E3100DFD6CE /* en */,
			);
			name = InfoPlist.strings;
			sourceTree = "<group>";
		};
/* End PBXVariantGroup section */

/* Begin XCBuildConfiguration section */
		4DEA0B2718D67E3100DFD6CE /* Debug */ = {
			isa = XCBuildConfiguration;
			buildSettings = {
				ALWAYS_SEARCH_USER_PATHS = NO;
				CLANG_CXX_LANGUAGE_STANDARD = "gnu++0x";
				CLANG_CXX_LIBRARY = "libc++";
				CLANG_ENABLE_MODULES = YES;
				CLANG_ENABLE_OBJC_ARC = YES;
				CLANG_WARN_BOOL_CONVERSION = YES;
				CLANG_WARN_CONSTANT_CONVERSION = YES;
				CLANG_WARN_DIRECT_OBJC_ISA_USAGE = YES_ERROR;
				CLANG_WARN_EMPTY_BODY = YES;
				CLANG_WARN_ENUM_CONVERSION = YES;
				CLANG_WARN_INT_CONVERSION = YES;
				CLANG_WARN_OBJC_ROOT_CLASS = YES_ERROR;
				CLANG_WARN__DUPLICATE_METHOD_MATCH = YES;
				COPY_PHASE_STRIP = NO;
				GCC_C_LANGUAGE_STANDARD = gnu99;
				GCC_DYNAMIC_NO_PIC = NO;
				GCC_ENABLE_OBJC_EXCEPTIONS = YES;
				GCC_OPTIMIZATION_LEVEL = 0;
				GCC_PREPROCESSOR_DEFINITIONS = (
					"DEBUG=1",
					"$(inherited)",
				);
				GCC_SYMBOLS_PRIVATE_EXTERN = NO;
				GCC_WARN_64_TO_32_BIT_CONVERSION = YES;
				GCC_WARN_ABOUT_RETURN_TYPE = YES_ERROR;
				GCC_WARN_UNDECLARED_SELECTOR = YES;
				GCC_WARN_UNINITIALIZED_AUTOS = YES_AGGRESSIVE;
				GCC_WARN_UNUSED_FUNCTION = YES;
				GCC_WARN_UNUSED_VARIABLE = YES;
				MACOSX_DEPLOYMENT_TARGET = 10.9;
				ONLY_ACTIVE_ARCH = YES;
				SDKROOT = macosx;
			};
			name = Debug;
		};
		4DEA0B2818D67E3100DFD6CE /* Release */ = {
			isa = XCBuildConfiguration;
			buildSettings = {
				ALWAYS_SEARCH_USER_PATHS = NO;
				CLANG_CXX_LANGUAGE_STANDARD = "gnu++0x";
				CLANG_CXX_LIBRARY = "libc++";
				CLANG_ENABLE_MODULES = YES;
				CLANG_ENABLE_OBJC_ARC = YES;
				CLANG_WARN_BOOL_CONVERSION = YES;
				CLANG_WARN_CONSTANT_CONVERSION = YES;
				CLANG_WARN_DIRECT_OBJC_ISA_USAGE = YES_ERROR;
				CLANG_WARN_EMPTY_BODY = YES;
				CLANG_WARN_ENUM_CONVERSION = YES;
				CLANG_WARN_INT_CONVERSION = YES;
				CLANG_WARN_OBJC_ROOT_CLASS = YES_ERROR;
				CLANG_WARN__DUPLICATE_METHOD_MATCH = YES;
				COPY_PHASE_STRIP = YES;
				DEBUG_INFORMATION_FORMAT = "dwarf-with-dsym";
				ENABLE_NS_ASSERTIONS = NO;
				GCC_C_LANGUAGE_STANDARD = gnu99;
				GCC_ENABLE_OBJC_EXCEPTIONS = YES;
				GCC_WARN_64_TO_32_BIT_CONVERSION = YES;
				GCC_WARN_ABOUT_RETURN_TYPE = YES_ERROR;
				GCC_WARN_UNDECLARED_SELECTOR = YES;
				GCC_WARN_UNINITIALIZED_AUTOS = YES_AGGRESSIVE;
				GCC_WARN_UNUSED_FUNCTION = YES;
				GCC_WARN_UNUSED_VARIABLE = YES;
				MACOSX_DEPLOYMENT_TARGET = 10.9;
				SDKROOT = macosx;
			};
			name = Release;
		};
		4DEA0B2A18D67E3100DFD6CE /* Debug */ = {
			isa = XCBuildConfiguration;
			buildSettings = {
				COMBINE_HIDPI_IMAGES = YES;
				DYLIB_COMPATIBILITY_VERSION = 1;
				DYLIB_CURRENT_VERSION = 1;
				FRAMEWORK_VERSION = A;
				GCC_PRECOMPILE_PREFIX_HEADER = YES;
				GCC_PREFIX_HEADER = "PurelyFunctionDS/PurelyFunctionDS-Prefix.pch";
				INFOPLIST_FILE = "PurelyFunctionDS/PurelyFunctionDS-Info.plist";
				PRODUCT_NAME = "$(TARGET_NAME)";
				WRAPPER_EXTENSION = framework;
			};
			name = Debug;
		};
		4DEA0B2B18D67E3100DFD6CE /* Release */ = {
			isa = XCBuildConfiguration;
			buildSettings = {
				COMBINE_HIDPI_IMAGES = YES;
				DYLIB_COMPATIBILITY_VERSION = 1;
				DYLIB_CURRENT_VERSION = 1;
				FRAMEWORK_VERSION = A;
				GCC_PRECOMPILE_PREFIX_HEADER = YES;
				GCC_PREFIX_HEADER = "PurelyFunctionDS/PurelyFunctionDS-Prefix.pch";
				INFOPLIST_FILE = "PurelyFunctionDS/PurelyFunctionDS-Info.plist";
				PRODUCT_NAME = "$(TARGET_NAME)";
				WRAPPER_EXTENSION = framework;
			};
			name = Release;
		};
		4DEA0B2D18D67E3100DFD6CE /* Debug */ = {
			isa = XCBuildConfiguration;
			buildSettings = {
				BUNDLE_LOADER = "$(BUILT_PRODUCTS_DIR)/PurelyFunctionDS.framework/Versions/A/PurelyFunctionDS";
				COMBINE_HIDPI_IMAGES = YES;
				FRAMEWORK_SEARCH_PATHS = (
					"$(DEVELOPER_FRAMEWORKS_DIR)",
					"$(inherited)",
				);
				GCC_PRECOMPILE_PREFIX_HEADER = YES;
				GCC_PREFIX_HEADER = "PurelyFunctionDS/PurelyFunctionDS-Prefix.pch";
				GCC_PREPROCESSOR_DEFINITIONS = (
					"DEBUG=1",
					"$(inherited)",
				);
				INFOPLIST_FILE = "PurelyFunctionDSTests/PurelyFunctionDSTests-Info.plist";
				PRODUCT_NAME = "$(TARGET_NAME)";
				TEST_HOST = "$(BUNDLE_LOADER)";
				WRAPPER_EXTENSION = xctest;
			};
			name = Debug;
		};
		4DEA0B2E18D67E3100DFD6CE /* Release */ = {
			isa = XCBuildConfiguration;
			buildSettings = {
				BUNDLE_LOADER = "$(BUILT_PRODUCTS_DIR)/PurelyFunctionDS.framework/Versions/A/PurelyFunctionDS";
				COMBINE_HIDPI_IMAGES = YES;
				FRAMEWORK_SEARCH_PATHS = (
					"$(DEVELOPER_FRAMEWORKS_DIR)",
					"$(inherited)",
				);
				GCC_PRECOMPILE_PREFIX_HEADER = YES;
				GCC_PREFIX_HEADER = "PurelyFunctionDS/PurelyFunctionDS-Prefix.pch";
				INFOPLIST_FILE = "PurelyFunctionDSTests/PurelyFunctionDSTests-Info.plist";
				PRODUCT_NAME = "$(TARGET_NAME)";
				TEST_HOST = "$(BUNDLE_LOADER)";
				WRAPPER_EXTENSION = xctest;
			};
			name = Release;
		};
/* End XCBuildConfiguration section */

/* Begin XCConfigurationList section */
		4DEA0AFB18D67E3100DFD6CE /* Build configuration list for PBXProject "PurelyFunctionDS" */ = {
			isa = XCConfigurationList;
			buildConfigurations = (
				4DEA0B2718D67E3100DFD6CE /* Debug */,
				4DEA0B2818D67E3100DFD6CE /* Release */,
			);
			defaultConfigurationIsVisible = 0;
			defaultConfigurationName = Release;
		};
		4DEA0B2918D67E3100DFD6CE /* Build configuration list for PBXNativeTarget "PurelyFunctionDS" */ = {
			isa = XCConfigurationList;
			buildConfigurations = (
				4DEA0B2A18D67E3100DFD6CE /* Debug */,
				4DEA0B2B18D67E3100DFD6CE /* Release */,
			);
			defaultConfigurationIsVisible = 0;
			defaultConfigurationName = Release;
		};
		4DEA0B2C18D67E3100DFD6CE /* Build configuration list for PBXNativeTarget "PurelyFunctionDSTests" */ = {
			isa = XCConfigurationList;
			buildConfigurations = (
				4DEA0B2D18D67E3100DFD6CE /* Debug */,
				4DEA0B2E18D67E3100DFD6CE /* Release */,
			);
			defaultConfigurationIsVisible = 0;
			defaultConfigurationName = Release;
		};
/* End XCConfigurationList section */
	};
	rootObject = 4DEA0AF818D67E3100DFD6CE /* Project object */;
}
